// !$*UTF8*$!
{
	archiveVersion = 1;
	classes = {
	};
	objectVersion = 77;
	objects = {

/* Begin PBXBuildFile section */
		4B7A0000000000000000B001 /* KyaCore in Frameworks */ = {isa = PBXBuildFile; productRef = 4B7A00000000000000004002 /* KyaCore */; };
		4B7A0000000000000000B002 /* seed in Resources */ = {isa = PBXBuildFile; fileRef = 4B7A0000000000000000F004 /* seed */; };
		4B7A0000000000000000B003 /* KyaCoreContracts in Frameworks */ = {isa = PBXBuildFile; productRef = 4B7A00000000000000004003 /* KyaCoreContracts */; };
/* End PBXBuildFile section */

/* Begin PBXContainerItemProxy section */
		4B7A0000000000000000C001 /* PBXContainerItemProxy */ = {
			isa = PBXContainerItemProxy;
			containerPortal = 4B7A0000000000000000A001 /* Project object */;
			proxyType = 1;
			remoteGlobalIDString = 4B7A00000000000000007001;
			remoteInfo = KyaBnaye;
		};
		4B7A0000000000000000C002 /* PBXContainerItemProxy */ = {
			isa = PBXContainerItemProxy;
			containerPortal = 4B7A0000000000000000A001 /* Project object */;
			proxyType = 1;
			remoteGlobalIDString = 4B7A00000000000000007001;
			remoteInfo = KyaBnaye;
		};
/* End PBXContainerItemProxy section */

/* Begin PBXFileReference section */
		4B7A0000000000000000F001 /* KyaBnaye.app */ = {isa = PBXFileReference; explicitFileType = wrapper.application; includeInIndex = 0; path = KyaBnaye.app; sourceTree = BUILT_PRODUCTS_DIR; };
		4B7A0000000000000000F002 /* KyaBnayeTests.xctest */ = {isa = PBXFileReference; explicitFileType = wrapper.cfbundle; includeInIndex = 0; path = KyaBnayeTests.xctest; sourceTree = BUILT_PRODUCTS_DIR; };
		4B7A0000000000000000F003 /* KyaBnayeUITests.xctest */ = {isa = PBXFileReference; explicitFileType = wrapper.cfbundle; includeInIndex = 0; path = KyaBnayeUITests.xctest; sourceTree = BUILT_PRODUCTS_DIR; };
		4B7A0000000000000000F004 /* seed */ = {isa = PBXFileReference; lastKnownFileType = folder; name = seed; path = ../seed; sourceTree = SOURCE_ROOT; };
/* End PBXFileReference section */

/* Begin PBXFileSystemSynchronizedBuildFileExceptionSet section */
		4B7A00000000000000009001 /* Exceptions for "KyaBnaye" folder in "KyaBnaye" target */ = {
			isa = PBXFileSystemSynchronizedBuildFileExceptionSet;
			membershipExceptions = (
				Features/Onboarding/.gitkeep,
				Info.plist,
			);
			target = 4B7A00000000000000007001 /* KyaBnaye */;
		};
/* End PBXFileSystemSynchronizedBuildFileExceptionSet section */

/* Begin PBXFileSystemSynchronizedRootGroup section */
		4B7A00000000000000006001 /* KyaBnaye */ = {
			isa = PBXFileSystemSynchronizedRootGroup;
			exceptions = (
				4B7A00000000000000009001 /* Exceptions for "KyaBnaye" folder in "KyaBnaye" target */,
			);
			path = KyaBnaye;
			sourceTree = "<group>";
		};
		4B7A00000000000000006002 /* KyaBnayeTests */ = {
			isa = PBXFileSystemSynchronizedRootGroup;
			path = KyaBnayeTests;
			sourceTree = "<group>";
		};
		4B7A00000000000000006003 /* KyaBnayeUITests */ = {
			isa = PBXFileSystemSynchronizedRootGroup;
			path = KyaBnayeUITests;
			sourceTree = "<group>";
		};
/* End PBXFileSystemSynchronizedRootGroup section */

/* Begin PBXFrameworksBuildPhase section */
		4B7A00000000000000002001 /* Frameworks */ = {
			isa = PBXFrameworksBuildPhase;
			buildActionMask = 2147483647;
			files = (
				4B7A0000000000000000B001 /* KyaCore in Frameworks */,
			);
			runOnlyForDeploymentPostprocessing = 0;
		};
		4B7A00000000000000002002 /* Frameworks */ = {
			isa = PBXFrameworksBuildPhase;
			buildActionMask = 2147483647;
			files = (
				4B7A0000000000000000B003 /* KyaCoreContracts in Frameworks */,
			);
			runOnlyForDeploymentPostprocessing = 0;
		};
		4B7A00000000000000002003 /* Frameworks */ = {
			isa = PBXFrameworksBuildPhase;
			buildActionMask = 2147483647;
			files = (
			);
			runOnlyForDeploymentPostprocessing = 0;
		};
/* End PBXFrameworksBuildPhase section */

/* Begin PBXGroup section */
		4B7A00000000000000001001 = {
			isa = PBXGroup;
			children = (
				4B7A00000000000000006001 /* KyaBnaye */,
				4B7A00000000000000006002 /* KyaBnayeTests */,
				4B7A00000000000000006003 /* KyaBnayeUITests */,
				4B7A0000000000000000F004 /* seed */,
				4B7A00000000000000001002 /* Products */,
			);
			sourceTree = "<group>";
		};
		4B7A00000000000000001002 /* Products */ = {
			isa = PBXGroup;
			children = (
				4B7A0000000000000000F001 /* KyaBnaye.app */,
				4B7A0000000000000000F002 /* KyaBnayeTests.xctest */,
				4B7A0000000000000000F003 /* KyaBnayeUITests.xctest */,
			);
			name = Products;
			sourceTree = "<group>";
		};
/* End PBXGroup section */

/* Begin PBXNativeTarget section */
		4B7A00000000000000007001 /* KyaBnaye */ = {
			isa = PBXNativeTarget;
			buildConfigurationList = 4B7A00000000000000003002 /* Build configuration list for PBXNativeTarget "KyaBnaye" */;
			buildPhases = (
				4B7A0000000000000000E001 /* Sources */,
				4B7A00000000000000002001 /* Frameworks */,
				4B7A00000000000000005001 /* Resources */,
			);
			buildRules = (
			);
			dependencies = (
			);
			fileSystemSynchronizedGroups = (
				4B7A00000000000000006001 /* KyaBnaye */,
			);
			name = KyaBnaye;
			packageProductDependencies = (
				4B7A00000000000000004002 /* KyaCore */,
			);
			productName = KyaBnaye;
			productReference = 4B7A0000000000000000F001 /* KyaBnaye.app */;
			productType = "com.apple.product-type.application";
		};
		4B7A00000000000000007002 /* KyaBnayeTests */ = {
			isa = PBXNativeTarget;
			buildConfigurationList = 4B7A00000000000000003003 /* Build configuration list for PBXNativeTarget "KyaBnayeTests" */;
			buildPhases = (
				4B7A0000000000000000E002 /* Sources */,
				4B7A00000000000000002002 /* Frameworks */,
				4B7A00000000000000005002 /* Resources */,
			);
			buildRules = (
			);
			dependencies = (
				4B7A0000000000000000D001 /* PBXTargetDependency */,
			);
			fileSystemSynchronizedGroups = (
				4B7A00000000000000006002 /* KyaBnayeTests */,
			);
			name = KyaBnayeTests;
			packageProductDependencies = (
				4B7A00000000000000004003 /* KyaCoreContracts */,
			);
			productName = KyaBnayeTests;
			productReference = 4B7A0000000000000000F002 /* KyaBnayeTests.xctest */;
			productType = "com.apple.product-type.bundle.unit-test";
		};
		4B7A00000000000000007003 /* KyaBnayeUITests */ = {
			isa = PBXNativeTarget;
			buildConfigurationList = 4B7A00000000000000003004 /* Build configuration list for PBXNativeTarget "KyaBnayeUITests" */;
			buildPhases = (
				4B7A0000000000000000E003 /* Sources */,
				4B7A00000000000000002003 /* Frameworks */,
				4B7A00000000000000005003 /* Resources */,
			);
			buildRules = (
			);
			dependencies = (
				4B7A0000000000000000D002 /* PBXTargetDependency */,
			);
			fileSystemSynchronizedGroups = (
				4B7A00000000000000006003 /* KyaBnayeUITests */,
			);
			name = KyaBnayeUITests;
			packageProductDependencies = (
			);
			productName = KyaBnayeUITests;
			productReference = 4B7A0000000000000000F003 /* KyaBnayeUITests.xctest */;
			productType = "com.apple.product-type.bundle.ui-testing";
		};
/* End PBXNativeTarget section */

/* Begin PBXProject section */
		4B7A0000000000000000A001 /* Project object */ = {
			isa = PBXProject;
			attributes = {
				BuildIndependentTargetsInParallel = 1;
				LastSwiftUpdateCheck = 2700;
				LastUpgradeCheck = 2700;
				TargetAttributes = {
					4B7A00000000000000007001 = {
						CreatedOnToolsVersion = 27.0;
					};
					4B7A00000000000000007002 = {
						CreatedOnToolsVersion = 27.0;
						TestTargetID = 4B7A00000000000000007001;
					};
					4B7A00000000000000007003 = {
						CreatedOnToolsVersion = 27.0;
						TestTargetID = 4B7A00000000000000007001;
					};
				};
			};
			buildConfigurationList = 4B7A00000000000000003001 /* Build configuration list for PBXProject "KyaBnaye" */;
			developmentRegion = en;
			hasScannedForEncodings = 0;
			knownRegions = (
				en,
				Base,
			);
			mainGroup = 4B7A00000000000000001001;
			minimizedProjectReferenceProxies = 1;
			packageReferences = (
				4B7A00000000000000004001 /* XCLocalSwiftPackageReference "../KyaCore" */,
			);
			preferredProjectObjectVersion = 77;
			productRefGroup = 4B7A00000000000000001002 /* Products */;
			projectDirPath = "";
			projectRoot = "";
			targets = (
				4B7A00000000000000007001 /* KyaBnaye */,
				4B7A00000000000000007002 /* KyaBnayeTests */,
				4B7A00000000000000007003 /* KyaBnayeUITests */,
			);
		};
/* End PBXProject section */

/* Begin PBXResourcesBuildPhase section */
		4B7A00000000000000005001 /* Resources */ = {
			isa = PBXResourcesBuildPhase;
			buildActionMask = 2147483647;
			files = (
				4B7A0000000000000000B002 /* seed in Resources */,
			);
			runOnlyForDeploymentPostprocessing = 0;
		};
		4B7A00000000000000005002 /* Resources */ = {
			isa = PBXResourcesBuildPhase;
			buildActionMask = 2147483647;
			files = (
			);
			runOnlyForDeploymentPostprocessing = 0;
		};
		4B7A00000000000000005003 /* Resources */ = {
			isa = PBXResourcesBuildPhase;
			buildActionMask = 2147483647;
			files = (
			);
			runOnlyForDeploymentPostprocessing = 0;
		};
/* End PBXResourcesBuildPhase section */

/* Begin PBXSourcesBuildPhase section */
		4B7A0000000000000000E001 /* Sources */ = {
			isa = PBXSourcesBuildPhase;
			buildActionMask = 2147483647;
			files = (
			);
			runOnlyForDeploymentPostprocessing = 0;
		};
		4B7A0000000000000000E002 /* Sources */ = {
			isa = PBXSourcesBuildPhase;
			buildActionMask = 2147483647;
			files = (
			);
			runOnlyForDeploymentPostprocessing = 0;
		};
		4B7A0000000000000000E003 /* Sources */ = {
			isa = PBXSourcesBuildPhase;
			buildActionMask = 2147483647;
			files = (
			);
			runOnlyForDeploymentPostprocessing = 0;
		};
/* End PBXSourcesBuildPhase section */

/* Begin PBXTargetDependency section */
		4B7A0000000000000000D001 /* PBXTargetDependency */ = {
			isa = PBXTargetDependency;
			target = 4B7A00000000000000007001 /* KyaBnaye */;
			targetProxy = 4B7A0000000000000000C001 /* PBXContainerItemProxy */;
		};
		4B7A0000000000000000D002 /* PBXTargetDependency */ = {
			isa = PBXTargetDependency;
			target = 4B7A00000000000000007001 /* KyaBnaye */;
			targetProxy = 4B7A0000000000000000C002 /* PBXContainerItemProxy */;
		};
/* End PBXTargetDependency section */

/* Begin XCBuildConfiguration section */
		4B7A00000000000000008001 /* Debug */ = {
			isa = XCBuildConfiguration;
			buildSettings = {
				ALWAYS_SEARCH_USER_PATHS = NO;
				ASSETCATALOG_COMPILER_GENERATE_SWIFT_ASSET_SYMBOL_EXTENSIONS = NO;
				CLANG_ANALYZER_NONNULL = YES;
				CLANG_CXX_LANGUAGE_STANDARD = "gnu++20";
				CLANG_ENABLE_MODULES = YES;
				CLANG_ENABLE_OBJC_ARC = YES;
				CLANG_WARN_DOCUMENTATION_COMMENTS = YES;
				CLANG_WARN_UNGUARDED_AVAILABILITY = YES_AGGRESSIVE;
				COPY_PHASE_STRIP = NO;
				DEBUG_INFORMATION_FORMAT = dwarf;
				ENABLE_STRICT_OBJC_MSGSEND = YES;
				ENABLE_TESTABILITY = YES;
				ENABLE_USER_SCRIPT_SANDBOXING = YES;
				GCC_C_LANGUAGE_STANDARD = gnu17;
				GCC_OPTIMIZATION_LEVEL = 0;
				GCC_PREPROCESSOR_DEFINITIONS = (
					"DEBUG=1",
					"$(inherited)",
				);
				GCC_TREAT_WARNINGS_AS_ERRORS = YES;
				IPHONEOS_DEPLOYMENT_TARGET = 17.0;
				LOCALIZATION_PREFERS_STRING_CATALOGS = YES;
				MTL_ENABLE_DEBUG_INFO = INCLUDE_SOURCE;
				ONLY_ACTIVE_ARCH = YES;
				SDKROOT = iphoneos;
				SWIFT_ACTIVE_COMPILATION_CONDITIONS = "DEBUG $(inherited)";
				SWIFT_OPTIMIZATION_LEVEL = "-Onone";
				SWIFT_STRICT_CONCURRENCY = complete;
				SWIFT_TREAT_WARNINGS_AS_ERRORS = YES;
				SWIFT_VERSION = 6.0;
			};
			name = Debug;
		};
		4B7A00000000000000008002 /* Release */ = {
			isa = XCBuildConfiguration;
			buildSettings = {
				ALWAYS_SEARCH_USER_PATHS = NO;
				ASSETCATALOG_COMPILER_GENERATE_SWIFT_ASSET_SYMBOL_EXTENSIONS = NO;
				CLANG_ANALYZER_NONNULL = YES;
				CLANG_CXX_LANGUAGE_STANDARD = "gnu++20";
				CLANG_ENABLE_MODULES = YES;
				CLANG_ENABLE_OBJC_ARC = YES;
				CLANG_WARN_DOCUMENTATION_COMMENTS = YES;
				CLANG_WARN_UNGUARDED_AVAILABILITY = YES_AGGRESSIVE;
				COPY_PHASE_STRIP = NO;
				DEBUG_INFORMATION_FORMAT = "dwarf-with-dsym";
				ENABLE_NS_ASSERTIONS = NO;
				ENABLE_STRICT_OBJC_MSGSEND = YES;
				ENABLE_USER_SCRIPT_SANDBOXING = YES;
				GCC_C_LANGUAGE_STANDARD = gnu17;
				GCC_TREAT_WARNINGS_AS_ERRORS = YES;
				IPHONEOS_DEPLOYMENT_TARGET = 17.0;
				LOCALIZATION_PREFERS_STRING_CATALOGS = YES;
				MTL_ENABLE_DEBUG_INFO = NO;
				SDKROOT = iphoneos;
				SWIFT_COMPILATION_MODE = wholemodule;
				SWIFT_STRICT_CONCURRENCY = complete;
				SWIFT_TREAT_WARNINGS_AS_ERRORS = YES;
				SWIFT_VERSION = 6.0;
				VALIDATE_PRODUCT = YES;
			};
			name = Release;
		};
		4B7A00000000000000008003 /* Debug */ = {
			isa = XCBuildConfiguration;
			buildSettings = {
				ASSETCATALOG_COMPILER_APPICON_NAME = AppIcon;
				ASSETCATALOG_COMPILER_GLOBAL_ACCENT_COLOR_NAME = AccentColor;
				CODE_SIGN_STYLE = Automatic;
				CURRENT_PROJECT_VERSION = 1;
				ENABLE_PREVIEWS = YES;
				GENERATE_INFOPLIST_FILE = YES;
				INFOPLIST_FILE = KyaBnaye/Info.plist;
				INFOPLIST_KEY_CFBundleDisplayName = "kya-bnaye";
				INFOPLIST_KEY_LSApplicationCategoryType = "public.app-category.food-and-drink";
				INFOPLIST_KEY_UIApplicationSceneManifest_Generation = YES;
				INFOPLIST_KEY_UIApplicationSupportsIndirectInputEvents = YES;
				INFOPLIST_KEY_UISupportedInterfaceOrientations_iPhone = UIInterfaceOrientationPortrait;
				LD_RUNPATH_SEARCH_PATHS = (
					"$(inherited)",
					"@executable_path/Frameworks",
				);
				MARKETING_VERSION = 0.1.0;
				PRODUCT_BUNDLE_IDENTIFIER = com.yasher.kyabnaye;
				PRODUCT_NAME = "$(TARGET_NAME)";
				SUPPORTED_PLATFORMS = "iphoneos iphonesimulator";
				SUPPORTS_MACCATALYST = NO;
				SUPPORTS_MAC_DESIGNED_FOR_IPHONE_IPAD = NO;
				SUPPORTS_XR_DESIGNED_FOR_IPHONE_IPAD = NO;
				SWIFT_EMIT_LOC_STRINGS = YES;
				TARGETED_DEVICE_FAMILY = 1;
			};
			name = Debug;
		};
		4B7A00000000000000008004 /* Release */ = {
			isa = XCBuildConfiguration;
			buildSettings = {
				ASSETCATALOG_COMPILER_APPICON_NAME = AppIcon;
				ASSETCATALOG_COMPILER_GLOBAL_ACCENT_COLOR_NAME = AccentColor;
				CODE_SIGN_STYLE = Automatic;
				CURRENT_PROJECT_VERSION = 1;
				ENABLE_PREVIEWS = YES;
				GENERATE_INFOPLIST_FILE = YES;
				INFOPLIST_FILE = KyaBnaye/Info.plist;
				INFOPLIST_KEY_CFBundleDisplayName = "kya-bnaye";
				INFOPLIST_KEY_LSApplicationCategoryType = "public.app-category.food-and-drink";
				INFOPLIST_KEY_UIApplicationSceneManifest_Generation = YES;
				INFOPLIST_KEY_UIApplicationSupportsIndirectInputEvents = YES;
				INFOPLIST_KEY_UISupportedInterfaceOrientations_iPhone = UIInterfaceOrientationPortrait;
				LD_RUNPATH_SEARCH_PATHS = (
					"$(inherited)",
					"@executable_path/Frameworks",
				);
				MARKETING_VERSION = 0.1.0;
				PRODUCT_BUNDLE_IDENTIFIER = com.yasher.kyabnaye;
				PRODUCT_NAME = "$(TARGET_NAME)";
				SUPPORTED_PLATFORMS = "iphoneos iphonesimulator";
				SUPPORTS_MACCATALYST = NO;
				SUPPORTS_MAC_DESIGNED_FOR_IPHONE_IPAD = NO;
				SUPPORTS_XR_DESIGNED_FOR_IPHONE_IPAD = NO;
				SWIFT_EMIT_LOC_STRINGS = YES;
				TARGETED_DEVICE_FAMILY = 1;
			};
			name = Release;
		};
		4B7A00000000000000008005 /* Debug */ = {
			isa = XCBuildConfiguration;
			buildSettings = {
				BUNDLE_LOADER = "$(TEST_HOST)";
				CODE_SIGN_STYLE = Automatic;
				CURRENT_PROJECT_VERSION = 1;
				GENERATE_INFOPLIST_FILE = YES;
				MARKETING_VERSION = 0.1.0;
				PRODUCT_BUNDLE_IDENTIFIER = com.yasher.kyabnaye.tests;
				PRODUCT_NAME = "$(TARGET_NAME)";
				SUPPORTED_PLATFORMS = "iphoneos iphonesimulator";
				SWIFT_EMIT_LOC_STRINGS = NO;
				TARGETED_DEVICE_FAMILY = 1;
				TEST_HOST = "$(BUILT_PRODUCTS_DIR)/KyaBnaye.app/$(BUNDLE_EXECUTABLE_FOLDER_PATH)/KyaBnaye";
			};
			name = Debug;
		};
		4B7A00000000000000008006 /* Release */ = {
			isa = XCBuildConfiguration;
			buildSettings = {
				BUNDLE_LOADER = "$(TEST_HOST)";
				CODE_SIGN_STYLE = Automatic;
				CURRENT_PROJECT_VERSION = 1;
				GENERATE_INFOPLIST_FILE = YES;
				MARKETING_VERSION = 0.1.0;
				PRODUCT_BUNDLE_IDENTIFIER = com.yasher.kyabnaye.tests;
				PRODUCT_NAME = "$(TARGET_NAME)";
				SUPPORTED_PLATFORMS = "iphoneos iphonesimulator";
				SWIFT_EMIT_LOC_STRINGS = NO;
				TARGETED_DEVICE_FAMILY = 1;
				TEST_HOST = "$(BUILT_PRODUCTS_DIR)/KyaBnaye.app/$(BUNDLE_EXECUTABLE_FOLDER_PATH)/KyaBnaye";
			};
			name = Release;
		};
		4B7A00000000000000008007 /* Debug */ = {
			isa = XCBuildConfiguration;
			buildSettings = {
				CODE_SIGN_STYLE = Automatic;
				CURRENT_PROJECT_VERSION = 1;
				GENERATE_INFOPLIST_FILE = YES;
				MARKETING_VERSION = 0.1.0;
				PRODUCT_BUNDLE_IDENTIFIER = com.yasher.kyabnaye.uitests;
				PRODUCT_NAME = "$(TARGET_NAME)";
				SUPPORTED_PLATFORMS = "iphoneos iphonesimulator";
				SWIFT_EMIT_LOC_STRINGS = NO;
				TARGETED_DEVICE_FAMILY = 1;
				TEST_TARGET_NAME = KyaBnaye;
			};
			name = Debug;
		};
		4B7A00000000000000008008 /* Release */ = {
			isa = XCBuildConfiguration;
			buildSettings = {
				CODE_SIGN_STYLE = Automatic;
				CURRENT_PROJECT_VERSION = 1;
				GENERATE_INFOPLIST_FILE = YES;
				MARKETING_VERSION = 0.1.0;
				PRODUCT_BUNDLE_IDENTIFIER = com.yasher.kyabnaye.uitests;
				PRODUCT_NAME = "$(TARGET_NAME)";
				SUPPORTED_PLATFORMS = "iphoneos iphonesimulator";
				SWIFT_EMIT_LOC_STRINGS = NO;
				TARGETED_DEVICE_FAMILY = 1;
				TEST_TARGET_NAME = KyaBnaye;
			};
			name = Release;
		};
/* End XCBuildConfiguration section */

/* Begin XCConfigurationList section */
		4B7A00000000000000003001 /* Build configuration list for PBXProject "KyaBnaye" */ = {
			isa = XCConfigurationList;
			buildConfigurations = (
				4B7A00000000000000008001 /* Debug */,
				4B7A00000000000000008002 /* Release */,
			);
			defaultConfigurationIsVisible = 0;
			defaultConfigurationName = Release;
		};
		4B7A00000000000000003002 /* Build configuration list for PBXNativeTarget "KyaBnaye" */ = {
			isa = XCConfigurationList;
			buildConfigurations = (
				4B7A00000000000000008003 /* Debug */,
				4B7A00000000000000008004 /* Release */,
			);
			defaultConfigurationIsVisible = 0;
			defaultConfigurationName = Release;
		};
		4B7A00000000000000003003 /* Build configuration list for PBXNativeTarget "KyaBnayeTests" */ = {
			isa = XCConfigurationList;
			buildConfigurations = (
				4B7A00000000000000008005 /* Debug */,
				4B7A00000000000000008006 /* Release */,
			);
			defaultConfigurationIsVisible = 0;
			defaultConfigurationName = Release;
		};
		4B7A00000000000000003004 /* Build configuration list for PBXNativeTarget "KyaBnayeUITests" */ = {
			isa = XCConfigurationList;
			buildConfigurations = (
				4B7A00000000000000008007 /* Debug */,
				4B7A00000000000000008008 /* Release */,
			);
			defaultConfigurationIsVisible = 0;
			defaultConfigurationName = Release;
		};
/* End XCConfigurationList section */

/* Begin XCLocalSwiftPackageReference section */
		4B7A00000000000000004001 /* XCLocalSwiftPackageReference "../KyaCore" */ = {
			isa = XCLocalSwiftPackageReference;
			relativePath = ../KyaCore;
		};
/* End XCLocalSwiftPackageReference section */

/* Begin XCSwiftPackageProductDependency section */
		4B7A00000000000000004002 /* KyaCore */ = {
			isa = XCSwiftPackageProductDependency;
			productName = KyaCore;
		};
		4B7A00000000000000004003 /* KyaCoreContracts */ = {
			isa = XCSwiftPackageProductDependency;
			productName = KyaCoreContracts;
		};
/* End XCSwiftPackageProductDependency section */
	};
	rootObject = 4B7A0000000000000000A001 /* Project object */;
}
